// !$*UTF8*$!
{
	archiveVersion = 1;
	classes = {
	};
	objectVersion = 50;
	objects = {

/* Begin PBXBuildFile section */
		3DD1D30D290323C23BE3D0C2 /* Pods_MovielandTests.framework in Frameworks */ = {isa = PBXBuildFile; fileRef = FA3308188C762DD24018BAF9 /* Pods_MovielandTests.framework */; };
		585A4096E009C0D6836AB466 /* Pods_Movieland.framework in Frameworks */ = {isa = PBXBuildFile; fileRef = 1147BA0A0422732E85862E05 /* Pods_Movieland.framework */; };
		8DD7E76425F7B3160049FC92 /* MovieTableViewCell.swift in Sources */ = {isa = PBXBuildFile; fileRef = 8DD7E76225F7B3160049FC92 /* MovieTableViewCell.swift */; };
		8DD7E76525F7B3160049FC92 /* MovieTableViewCell.xib in Resources */ = {isa = PBXBuildFile; fileRef = 8DD7E76325F7B3160049FC92 /* MovieTableViewCell.xib */; };
		8DEB416225F77C1D002807FB /* NowPlayingResponse.swift in Sources */ = {isa = PBXBuildFile; fileRef = 8DEB416125F77C1D002807FB /* NowPlayingResponse.swift */; };
		8DEB417325F785A0002807FB /* MovieEndpoint.swift in Sources */ = {isa = PBXBuildFile; fileRef = 8DEB417225F785A0002807FB /* MovieEndpoint.swift */; };
		8DEB417725F78A0E002807FB /* MovieViewController.swift in Sources */ = {isa = PBXBuildFile; fileRef = 8DEB417625F78A0E002807FB /* MovieViewController.swift */; };
		8DEB417B25F78AC6002807FB /* MovieViewModel.swift in Sources */ = {isa = PBXBuildFile; fileRef = 8DEB417A25F78AC6002807FB /* MovieViewModel.swift */; };
		BAAB9F2E25F4F06400AF913A /* Common.framework in Frameworks */ = {isa = PBXBuildFile; fileRef = BAAB9F2D25F4F06400AF913A /* Common.framework */; };
		BAAB9F2F25F4F06400AF913A /* Common.framework in Embed Frameworks */ = {isa = PBXBuildFile; fileRef = BAAB9F2D25F4F06400AF913A /* Common.framework */; settings = {ATTRIBUTES = (CodeSignOnCopy, RemoveHeadersOnCopy, ); }; };
		BABE0AD525ED948000E298DF /* AppDelegate.swift in Sources */ = {isa = PBXBuildFile; fileRef = BABE0AD425ED948000E298DF /* AppDelegate.swift */; };
		BABE0AD725ED948000E298DF /* SceneDelegate.swift in Sources */ = {isa = PBXBuildFile; fileRef = BABE0AD625ED948000E298DF /* SceneDelegate.swift */; };
		BABE0ADC25ED948000E298DF /* Main.storyboard in Resources */ = {isa = PBXBuildFile; fileRef = BABE0ADA25ED948000E298DF /* Main.storyboard */; };
		BABE0ADE25ED948300E298DF /* Assets.xcassets in Resources */ = {isa = PBXBuildFile; fileRef = BABE0ADD25ED948300E298DF /* Assets.xcassets */; };
		BABE0AE125ED948300E298DF /* LaunchScreen.storyboard in Resources */ = {isa = PBXBuildFile; fileRef = BABE0ADF25ED948300E298DF /* LaunchScreen.storyboard */; };
		BABE0AEC25ED948300E298DF /* MovielandTests.swift in Sources */ = {isa = PBXBuildFile; fileRef = BABE0AEB25ED948300E298DF /* MovielandTests.swift */; };
		BABE0AF725ED948300E298DF /* MovielandUITests.swift in Sources */ = {isa = PBXBuildFile; fileRef = BABE0AF625ED948300E298DF /* MovielandUITests.swift */; };
		BABE0B3225ED950900E298DF /* Networking.framework in Frameworks */ = {isa = PBXBuildFile; fileRef = BABE0B3125ED950900E298DF /* Networking.framework */; };
		BABE0B3325ED950900E298DF /* Networking.framework in Embed Frameworks */ = {isa = PBXBuildFile; fileRef = BABE0B3125ED950900E298DF /* Networking.framework */; settings = {ATTRIBUTES = (CodeSignOnCopy, RemoveHeadersOnCopy, ); }; };
		D78E1E01D4A2BE5EDAEB5C82 /* Pods_Movieland_MovielandUITests.framework in Frameworks */ = {isa = PBXBuildFile; fileRef = C9A8AEF605B9F90B960D8F81 /* Pods_Movieland_MovielandUITests.framework */; };
/* End PBXBuildFile section */

/* Begin PBXContainerItemProxy section */
		BABE0AE825ED948300E298DF /* PBXContainerItemProxy */ = {
			isa = PBXContainerItemProxy;
			containerPortal = BABE0AC925ED948000E298DF /* Project object */;
			proxyType = 1;
			remoteGlobalIDString = BABE0AD025ED948000E298DF;
			remoteInfo = Movieland;
		};
		BABE0AF325ED948300E298DF /* PBXContainerItemProxy */ = {
			isa = PBXContainerItemProxy;
			containerPortal = BABE0AC925ED948000E298DF /* Project object */;
			proxyType = 1;
			remoteGlobalIDString = BABE0AD025ED948000E298DF;
			remoteInfo = Movieland;
		};
/* End PBXContainerItemProxy section */

/* Begin PBXCopyFilesBuildPhase section */
		BABE0B3425ED950900E298DF /* Embed Frameworks */ = {
			isa = PBXCopyFilesBuildPhase;
			buildActionMask = 2147483647;
			dstPath = "";
			dstSubfolderSpec = 10;
			files = (
				BABE0B3325ED950900E298DF /* Networking.framework in Embed Frameworks */,
				BAAB9F2F25F4F06400AF913A /* Common.framework in Embed Frameworks */,
			);
			name = "Embed Frameworks";
			runOnlyForDeploymentPostprocessing = 0;
		};
/* End PBXCopyFilesBuildPhase section */

/* Begin PBXFileReference section */
		1147BA0A0422732E85862E05 /* Pods_Movieland.framework */ = {isa = PBXFileReference; explicitFileType = wrapper.framework; includeInIndex = 0; path = Pods_Movieland.framework; sourceTree = BUILT_PRODUCTS_DIR; };
		34E7D9A6EB74C5F860175E75 /* Pods-Movieland-MovielandUITests.release.xcconfig */ = {isa = PBXFileReference; includeInIndex = 1; lastKnownFileType = text.xcconfig; name = "Pods-Movieland-MovielandUITests.release.xcconfig"; path = "Target Support Files/Pods-Movieland-MovielandUITests/Pods-Movieland-MovielandUITests.release.xcconfig"; sourceTree = "<group>"; };
		825EF84C80BD989B0DB2A159 /* Pods-Movieland-MovielandUITests.debug.xcconfig */ = {isa = PBXFileReference; includeInIndex = 1; lastKnownFileType = text.xcconfig; name = "Pods-Movieland-MovielandUITests.debug.xcconfig"; path = "Target Support Files/Pods-Movieland-MovielandUITests/Pods-Movieland-MovielandUITests.debug.xcconfig"; sourceTree = "<group>"; };
		8DD7E76225F7B3160049FC92 /* MovieTableViewCell.swift */ = {isa = PBXFileReference; lastKnownFileType = sourcecode.swift; path = MovieTableViewCell.swift; sourceTree = "<group>"; };
		8DD7E76325F7B3160049FC92 /* MovieTableViewCell.xib */ = {isa = PBXFileReference; lastKnownFileType = file.xib; path = MovieTableViewCell.xib; sourceTree = "<group>"; };
		8DEB416125F77C1D002807FB /* NowPlayingResponse.swift */ = {isa = PBXFileReference; lastKnownFileType = sourcecode.swift; path = NowPlayingResponse.swift; sourceTree = "<group>"; };
		8DEB417225F785A0002807FB /* MovieEndpoint.swift */ = {isa = PBXFileReference; lastKnownFileType = sourcecode.swift; path = MovieEndpoint.swift; sourceTree = "<group>"; };
		8DEB417625F78A0E002807FB /* MovieViewController.swift */ = {isa = PBXFileReference; lastKnownFileType = sourcecode.swift; path = MovieViewController.swift; sourceTree = "<group>"; };
		8DEB417A25F78AC6002807FB /* MovieViewModel.swift */ = {isa = PBXFileReference; lastKnownFileType = sourcecode.swift; path = MovieViewModel.swift; sourceTree = "<group>"; };
		BAAB9F2D25F4F06400AF913A /* Common.framework */ = {isa = PBXFileReference; explicitFileType = wrapper.framework; path = Common.framework; sourceTree = BUILT_PRODUCTS_DIR; };
		BABE0AD125ED948000E298DF /* Movieland.app */ = {isa = PBXFileReference; explicitFileType = wrapper.application; includeInIndex = 0; path = Movieland.app; sourceTree = BUILT_PRODUCTS_DIR; };
		BABE0AD425ED948000E298DF /* AppDelegate.swift */ = {isa = PBXFileReference; lastKnownFileType = sourcecode.swift; path = AppDelegate.swift; sourceTree = "<group>"; };
		BABE0AD625ED948000E298DF /* SceneDelegate.swift */ = {isa = PBXFileReference; lastKnownFileType = sourcecode.swift; path = SceneDelegate.swift; sourceTree = "<group>"; };
		BABE0ADB25ED948000E298DF /* Base */ = {isa = PBXFileReference; lastKnownFileType = file.storyboard; name = Base; path = Base.lproj/Main.storyboard; sourceTree = "<group>"; };
		BABE0ADD25ED948300E298DF /* Assets.xcassets */ = {isa = PBXFileReference; lastKnownFileType = folder.assetcatalog; path = Assets.xcassets; sourceTree = "<group>"; };
		BABE0AE025ED948300E298DF /* Base */ = {isa = PBXFileReference; lastKnownFileType = file.storyboard; name = Base; path = Base.lproj/LaunchScreen.storyboard; sourceTree = "<group>"; };
		BABE0AE225ED948300E298DF /* Info.plist */ = {isa = PBXFileReference; lastKnownFileType = text.plist.xml; path = Info.plist; sourceTree = "<group>"; };
		BABE0AE725ED948300E298DF /* MovielandTests.xctest */ = {isa = PBXFileReference; explicitFileType = wrapper.cfbundle; includeInIndex = 0; path = MovielandTests.xctest; sourceTree = BUILT_PRODUCTS_DIR; };
		BABE0AEB25ED948300E298DF /* MovielandTests.swift */ = {isa = PBXFileReference; lastKnownFileType = sourcecode.swift; path = MovielandTests.swift; sourceTree = "<group>"; };
		BABE0AED25ED948300E298DF /* Info.plist */ = {isa = PBXFileReference; lastKnownFileType = text.plist.xml; path = Info.plist; sourceTree = "<group>"; };
		BABE0AF225ED948300E298DF /* MovielandUITests.xctest */ = {isa = PBXFileReference; explicitFileType = wrapper.cfbundle; includeInIndex = 0; path = MovielandUITests.xctest; sourceTree = BUILT_PRODUCTS_DIR; };
		BABE0AF625ED948300E298DF /* MovielandUITests.swift */ = {isa = PBXFileReference; lastKnownFileType = sourcecode.swift; path = MovielandUITests.swift; sourceTree = "<group>"; };
		BABE0AF825ED948300E298DF /* Info.plist */ = {isa = PBXFileReference; lastKnownFileType = text.plist.xml; path = Info.plist; sourceTree = "<group>"; };
		BABE0B3125ED950900E298DF /* Networking.framework */ = {isa = PBXFileReference; explicitFileType = wrapper.framework; path = Networking.framework; sourceTree = BUILT_PRODUCTS_DIR; };
		BBCB06083D5DA321226B435B /* Pods-MovielandTests.release.xcconfig */ = {isa = PBXFileReference; includeInIndex = 1; lastKnownFileType = text.xcconfig; name = "Pods-MovielandTests.release.xcconfig"; path = "Target Support Files/Pods-MovielandTests/Pods-MovielandTests.release.xcconfig"; sourceTree = "<group>"; };
		C9A8AEF605B9F90B960D8F81 /* Pods_Movieland_MovielandUITests.framework */ = {isa = PBXFileReference; explicitFileType = wrapper.framework; includeInIndex = 0; path = Pods_Movieland_MovielandUITests.framework; sourceTree = BUILT_PRODUCTS_DIR; };
		D34F542082CE5AB08C1A56F1 /* Pods-MovielandTests.debug.xcconfig */ = {isa = PBXFileReference; includeInIndex = 1; lastKnownFileType = text.xcconfig; name = "Pods-MovielandTests.debug.xcconfig"; path = "Target Support Files/Pods-MovielandTests/Pods-MovielandTests.debug.xcconfig"; sourceTree = "<group>"; };
		E8AE8EFEE49E160AE16DC6BA /* Pods-Movieland.release.xcconfig */ = {isa = PBXFileReference; includeInIndex = 1; lastKnownFileType = text.xcconfig; name = "Pods-Movieland.release.xcconfig"; path = "Target Support Files/Pods-Movieland/Pods-Movieland.release.xcconfig"; sourceTree = "<group>"; };
		F53EC153984A7E6801D4F29E /* Pods-Movieland.debug.xcconfig */ = {isa = PBXFileReference; includeInIndex = 1; lastKnownFileType = text.xcconfig; name = "Pods-Movieland.debug.xcconfig"; path = "Target Support Files/Pods-Movieland/Pods-Movieland.debug.xcconfig"; sourceTree = "<group>"; };
		FA3308188C762DD24018BAF9 /* Pods_MovielandTests.framework */ = {isa = PBXFileReference; explicitFileType = wrapper.framework; includeInIndex = 0; path = Pods_MovielandTests.framework; sourceTree = BUILT_PRODUCTS_DIR; };
/* End PBXFileReference section */

/* Begin PBXFrameworksBuildPhase section */
		BABE0ACE25ED948000E298DF /* Frameworks */ = {
			isa = PBXFrameworksBuildPhase;
			buildActionMask = 2147483647;
			files = (
				BABE0B3225ED950900E298DF /* Networking.framework in Frameworks */,
				BAAB9F2E25F4F06400AF913A /* Common.framework in Frameworks */,
				585A4096E009C0D6836AB466 /* Pods_Movieland.framework in Frameworks */,
			);
			runOnlyForDeploymentPostprocessing = 0;
		};
		BABE0AE425ED948300E298DF /* Frameworks */ = {
			isa = PBXFrameworksBuildPhase;
			buildActionMask = 2147483647;
			files = (
				3DD1D30D290323C23BE3D0C2 /* Pods_MovielandTests.framework in Frameworks */,
			);
			runOnlyForDeploymentPostprocessing = 0;
		};
		BABE0AEF25ED948300E298DF /* Frameworks */ = {
			isa = PBXFrameworksBuildPhase;
			buildActionMask = 2147483647;
			files = (
				D78E1E01D4A2BE5EDAEB5C82 /* Pods_Movieland_MovielandUITests.framework in Frameworks */,
			);
			runOnlyForDeploymentPostprocessing = 0;
		};
/* End PBXFrameworksBuildPhase section */

/* Begin PBXGroup section */
		8BBA3B1F60E52D0F7990D82E /* Pods */ = {
			isa = PBXGroup;
			children = (
				F53EC153984A7E6801D4F29E /* Pods-Movieland.debug.xcconfig */,
				E8AE8EFEE49E160AE16DC6BA /* Pods-Movieland.release.xcconfig */,
				825EF84C80BD989B0DB2A159 /* Pods-Movieland-MovielandUITests.debug.xcconfig */,
				34E7D9A6EB74C5F860175E75 /* Pods-Movieland-MovielandUITests.release.xcconfig */,
				D34F542082CE5AB08C1A56F1 /* Pods-MovielandTests.debug.xcconfig */,
				BBCB06083D5DA321226B435B /* Pods-MovielandTests.release.xcconfig */,
			);
			name = Pods;
			path = Pods;
			sourceTree = "<group>";
		};
		8DD7E76125F7B3040049FC92 /* Cells */ = {
			isa = PBXGroup;
			children = (
				8DD7E76225F7B3160049FC92 /* MovieTableViewCell.swift */,
				8DD7E76325F7B3160049FC92 /* MovieTableViewCell.xib */,
			);
			path = Cells;
			sourceTree = "<group>";
		};
		8DEB415F25F77BF5002807FB /* Networking */ = {
			isa = PBXGroup;
			children = (
				8DEB416025F77C02002807FB /* Models */,
				8DEB417225F785A0002807FB /* MovieEndpoint.swift */,
			);
			path = Networking;
			sourceTree = "<group>";
		};
		8DEB416025F77C02002807FB /* Models */ = {
			isa = PBXGroup;
			children = (
				8DEB416125F77C1D002807FB /* NowPlayingResponse.swift */,
			);
			path = Models;
			sourceTree = "<group>";
		};
		BAAB9F9625F565D100AF913A /* Scenes */ = {
			isa = PBXGroup;
			children = (
				BAAB9F9725F565E800AF913A /* Movie */,
			);
			path = Scenes;
			sourceTree = "<group>";
		};
		BAAB9F9725F565E800AF913A /* Movie */ = {
			isa = PBXGroup;
			children = (
				8DD7E76125F7B3040049FC92 /* Cells */,
				8DEB415F25F77BF5002807FB /* Networking */,
				8DEB417625F78A0E002807FB /* MovieViewController.swift */,
				8DEB417A25F78AC6002807FB /* MovieViewModel.swift */,
			);
			path = Movie;
			sourceTree = "<group>";
		};
		BAAB9F9825F565FE00AF913A /* Helpers */ = {
			isa = PBXGroup;
			children = (
				BABE0AD425ED948000E298DF /* AppDelegate.swift */,
				BABE0AD625ED948000E298DF /* SceneDelegate.swift */,
			);
			path = Helpers;
			sourceTree = "<group>";
		};
		BAAB9F9B25F5660900AF913A /* Storyboards */ = {
			isa = PBXGroup;
			children = (
				BAAB9F9C25F5661F00AF913A /* LaunchScreen */,
				BABE0ADA25ED948000E298DF /* Main.storyboard */,
			);
			path = Storyboards;
			sourceTree = "<group>";
		};
		BAAB9F9C25F5661F00AF913A /* LaunchScreen */ = {
			isa = PBXGroup;
			children = (
				BABE0ADF25ED948300E298DF /* LaunchScreen.storyboard */,
			);
			path = LaunchScreen;
			sourceTree = "<group>";
		};
		BABE0AC825ED948000E298DF = {
			isa = PBXGroup;
			children = (
				BABE0AD325ED948000E298DF /* Movieland */,
				BABE0AEA25ED948300E298DF /* MovielandTests */,
				BABE0AF525ED948300E298DF /* MovielandUITests */,
				BABE0AD225ED948000E298DF /* Products */,
				BABE0B3025ED950900E298DF /* Frameworks */,
				8BBA3B1F60E52D0F7990D82E /* Pods */,
			);
			sourceTree = "<group>";
		};
		BABE0AD225ED948000E298DF /* Products */ = {
			isa = PBXGroup;
			children = (
				BABE0AD125ED948000E298DF /* Movieland.app */,
				BABE0AE725ED948300E298DF /* MovielandTests.xctest */,
				BABE0AF225ED948300E298DF /* MovielandUITests.xctest */,
			);
			name = Products;
			sourceTree = "<group>";
		};
		BABE0AD325ED948000E298DF /* Movieland */ = {
			isa = PBXGroup;
			children = (
				BAAB9F9B25F5660900AF913A /* Storyboards */,
				BAAB9F9825F565FE00AF913A /* Helpers */,
				BAAB9F9625F565D100AF913A /* Scenes */,
				BABE0ADD25ED948300E298DF /* Assets.xcassets */,
				BABE0AE225ED948300E298DF /* Info.plist */,
			);
			path = Movieland;
			sourceTree = "<group>";
		};
		BABE0AEA25ED948300E298DF /* MovielandTests */ = {
			isa = PBXGroup;
			children = (
				BABE0AEB25ED948300E298DF /* MovielandTests.swift */,
				BABE0AED25ED948300E298DF /* Info.plist */,
			);
			path = MovielandTests;
			sourceTree = "<group>";
		};
		BABE0AF525ED948300E298DF /* MovielandUITests */ = {
			isa = PBXGroup;
			children = (
				BABE0AF625ED948300E298DF /* MovielandUITests.swift */,
				BABE0AF825ED948300E298DF /* Info.plist */,
			);
			path = MovielandUITests;
			sourceTree = "<group>";
		};
		BABE0B3025ED950900E298DF /* Frameworks */ = {
			isa = PBXGroup;
			children = (
				BAAB9F2D25F4F06400AF913A /* Common.framework */,
				BABE0B3125ED950900E298DF /* Networking.framework */,
				1147BA0A0422732E85862E05 /* Pods_Movieland.framework */,
				C9A8AEF605B9F90B960D8F81 /* Pods_Movieland_MovielandUITests.framework */,
				FA3308188C762DD24018BAF9 /* Pods_MovielandTests.framework */,
			);
			name = Frameworks;
			sourceTree = "<group>";
		};
/* End PBXGroup section */

/* Begin PBXNativeTarget section */
		BABE0AD025ED948000E298DF /* Movieland */ = {
			isa = PBXNativeTarget;
			buildConfigurationList = BABE0AFB25ED948300E298DF /* Build configuration list for PBXNativeTarget "Movieland" */;
			buildPhases = (
				6C6B75BB8A46E9D1A9B37198 /* [CP] Check Pods Manifest.lock */,
				BABE0ACD25ED948000E298DF /* Sources */,
				BABE0ACE25ED948000E298DF /* Frameworks */,
				BABE0ACF25ED948000E298DF /* Resources */,
				BABE0B3425ED950900E298DF /* Embed Frameworks */,
				22F3D3A50BD49EA7267BFE67 /* [CP] Embed Pods Frameworks */,
			);
			buildRules = (
			);
			dependencies = (
			);
			name = Movieland;
			productName = Movieland;
			productReference = BABE0AD125ED948000E298DF /* Movieland.app */;
			productType = "com.apple.product-type.application";
		};
		BABE0AE625ED948300E298DF /* MovielandTests */ = {
			isa = PBXNativeTarget;
			buildConfigurationList = BABE0AFE25ED948300E298DF /* Build configuration list for PBXNativeTarget "MovielandTests" */;
			buildPhases = (
				7321C48C8C1D10F0296FE436 /* [CP] Check Pods Manifest.lock */,
				BABE0AE325ED948300E298DF /* Sources */,
				BABE0AE425ED948300E298DF /* Frameworks */,
				BABE0AE525ED948300E298DF /* Resources */,
			);
			buildRules = (
			);
			dependencies = (
				BABE0AE925ED948300E298DF /* PBXTargetDependency */,
			);
			name = MovielandTests;
			productName = MovielandTests;
			productReference = BABE0AE725ED948300E298DF /* MovielandTests.xctest */;
			productType = "com.apple.product-type.bundle.unit-test";
		};
		BABE0AF125ED948300E298DF /* MovielandUITests */ = {
			isa = PBXNativeTarget;
			buildConfigurationList = BABE0B0125ED948300E298DF /* Build configuration list for PBXNativeTarget "MovielandUITests" */;
			buildPhases = (
				8653CFE731254CC51E5FD0E0 /* [CP] Check Pods Manifest.lock */,
				BABE0AEE25ED948300E298DF /* Sources */,
				BABE0AEF25ED948300E298DF /* Frameworks */,
				BABE0AF025ED948300E298DF /* Resources */,
				C17A7921A69A0AA382024F5A /* [CP] Embed Pods Frameworks */,
			);
			buildRules = (
			);
			dependencies = (
				BABE0AF425ED948300E298DF /* PBXTargetDependency */,
			);
			name = MovielandUITests;
			productName = MovielandUITests;
			productReference = BABE0AF225ED948300E298DF /* MovielandUITests.xctest */;
			productType = "com.apple.product-type.bundle.ui-testing";
		};
/* End PBXNativeTarget section */

/* Begin PBXProject section */
		BABE0AC925ED948000E298DF /* Project object */ = {
			isa = PBXProject;
			attributes = {
				LastSwiftUpdateCheck = 1220;
				LastUpgradeCheck = 1220;
				TargetAttributes = {
					BABE0AD025ED948000E298DF = {
						CreatedOnToolsVersion = 12.2;
					};
					BABE0AE625ED948300E298DF = {
						CreatedOnToolsVersion = 12.2;
						TestTargetID = BABE0AD025ED948000E298DF;
					};
					BABE0AF125ED948300E298DF = {
						CreatedOnToolsVersion = 12.2;
						TestTargetID = BABE0AD025ED948000E298DF;
					};
				};
			};
			buildConfigurationList = BABE0ACC25ED948000E298DF /* Build configuration list for PBXProject "Movieland" */;
			compatibilityVersion = "Xcode 9.3";
			developmentRegion = en;
			hasScannedForEncodings = 0;
			knownRegions = (
				en,
				Base,
			);
			mainGroup = BABE0AC825ED948000E298DF;
			productRefGroup = BABE0AD225ED948000E298DF /* Products */;
			projectDirPath = "";
			projectRoot = "";
			targets = (
				BABE0AD025ED948000E298DF /* Movieland */,
				BABE0AE625ED948300E298DF /* MovielandTests */,
				BABE0AF125ED948300E298DF /* MovielandUITests */,
			);
		};
/* End PBXProject section */

/* Begin PBXResourcesBuildPhase section */
		BABE0ACF25ED948000E298DF /* Resources */ = {
			isa = PBXResourcesBuildPhase;
			buildActionMask = 2147483647;
			files = (
				BABE0AE125ED948300E298DF /* LaunchScreen.storyboard in Resources */,
				BABE0ADE25ED948300E298DF /* Assets.xcassets in Resources */,
				8DD7E76525F7B3160049FC92 /* MovieTableViewCell.xib in Resources */,
				BABE0ADC25ED948000E298DF /* Main.storyboard in Resources */,
			);
			runOnlyForDeploymentPostprocessing = 0;
		};
		BABE0AE525ED948300E298DF /* Resources */ = {
			isa = PBXResourcesBuildPhase;
			buildActionMask = 2147483647;
			files = (
			);
			runOnlyForDeploymentPostprocessing = 0;
		};
		BABE0AF025ED948300E298DF /* Resources */ = {
			isa = PBXResourcesBuildPhase;
			buildActionMask = 2147483647;
			files = (
			);
			runOnlyForDeploymentPostprocessing = 0;
		};
/* End PBXResourcesBuildPhase section */

/* Begin PBXShellScriptBuildPhase section */
		22F3D3A50BD49EA7267BFE67 /* [CP] Embed Pods Frameworks */ = {
			isa = PBXShellScriptBuildPhase;
			buildActionMask = 2147483647;
			files = (
			);
			inputFileListPaths = (
				"${PODS_ROOT}/Target Support Files/Pods-Movieland/Pods-Movieland-frameworks-${CONFIGURATION}-input-files.xcfilelist",
			);
			name = "[CP] Embed Pods Frameworks";
			outputFileListPaths = (
				"${PODS_ROOT}/Target Support Files/Pods-Movieland/Pods-Movieland-frameworks-${CONFIGURATION}-output-files.xcfilelist",
			);
			runOnlyForDeploymentPostprocessing = 0;
			shellPath = /bin/sh;
			shellScript = "\"${PODS_ROOT}/Target Support Files/Pods-Movieland/Pods-Movieland-frameworks.sh\"\n";
			showEnvVarsInLog = 0;
		};
		6C6B75BB8A46E9D1A9B37198 /* [CP] Check Pods Manifest.lock */ = {
			isa = PBXShellScriptBuildPhase;
			buildActionMask = 2147483647;
			files = (
			);
			inputFileListPaths = (
			);
			inputPaths = (
				"${PODS_PODFILE_DIR_PATH}/Podfile.lock",
				"${PODS_ROOT}/Manifest.lock",
			);
			name = "[CP] Check Pods Manifest.lock";
			outputFileListPaths = (
			);
			outputPaths = (
				"$(DERIVED_FILE_DIR)/Pods-Movieland-checkManifestLockResult.txt",
			);
			runOnlyForDeploymentPostprocessing = 0;
			shellPath = /bin/sh;
			shellScript = "diff \"${PODS_PODFILE_DIR_PATH}/Podfile.lock\" \"${PODS_ROOT}/Manifest.lock\" > /dev/null\nif [ $? != 0 ] ; then\n    # print error to STDERR\n    echo \"error: The sandbox is not in sync with the Podfile.lock. Run 'pod install' or update your CocoaPods installation.\" >&2\n    exit 1\nfi\n# This output is used by Xcode 'outputs' to avoid re-running this script phase.\necho \"SUCCESS\" > \"${SCRIPT_OUTPUT_FILE_0}\"\n";
			showEnvVarsInLog = 0;
		};
		7321C48C8C1D10F0296FE436 /* [CP] Check Pods Manifest.lock */ = {
			isa = PBXShellScriptBuildPhase;
			buildActionMask = 2147483647;
			files = (
			);
			inputFileListPaths = (
			);
			inputPaths = (
				"${PODS_PODFILE_DIR_PATH}/Podfile.lock",
				"${PODS_ROOT}/Manifest.lock",
			);
			name = "[CP] Check Pods Manifest.lock";
			outputFileListPaths = (
			);
			outputPaths = (
				"$(DERIVED_FILE_DIR)/Pods-MovielandTests-checkManifestLockResult.txt",
			);
			runOnlyForDeploymentPostprocessing = 0;
			shellPath = /bin/sh;
			shellScript = "diff \"${PODS_PODFILE_DIR_PATH}/Podfile.lock\" \"${PODS_ROOT}/Manifest.lock\" > /dev/null\nif [ $? != 0 ] ; then\n    # print error to STDERR\n    echo \"error: The sandbox is not in sync with the Podfile.lock. Run 'pod install' or update your CocoaPods installation.\" >&2\n    exit 1\nfi\n# This output is used by Xcode 'outputs' to avoid re-running this script phase.\necho \"SUCCESS\" > \"${SCRIPT_OUTPUT_FILE_0}\"\n";
			showEnvVarsInLog = 0;
		};
		8653CFE731254CC51E5FD0E0 /* [CP] Check Pods Manifest.lock */ = {
			isa = PBXShellScriptBuildPhase;
			buildActionMask = 2147483647;
			files = (
			);
			inputFileListPaths = (
			);
			inputPaths = (
				"${PODS_PODFILE_DIR_PATH}/Podfile.lock",
				"${PODS_ROOT}/Manifest.lock",
			);
			name = "[CP] Check Pods Manifest.lock";
			outputFileListPaths = (
			);
			outputPaths = (
				"$(DERIVED_FILE_DIR)/Pods-Movieland-MovielandUITests-checkManifestLockResult.txt",
			);
			runOnlyForDeploymentPostprocessing = 0;
			shellPath = /bin/sh;
			shellScript = "diff \"${PODS_PODFILE_DIR_PATH}/Podfile.lock\" \"${PODS_ROOT}/Manifest.lock\" > /dev/null\nif [ $? != 0 ] ; then\n    # print error to STDERR\n    echo \"error: The sandbox is not in sync with the Podfile.lock. Run 'pod install' or update your CocoaPods installation.\" >&2\n    exit 1\nfi\n# This output is used by Xcode 'outputs' to avoid re-running this script phase.\necho \"SUCCESS\" > \"${SCRIPT_OUTPUT_FILE_0}\"\n";
			showEnvVarsInLog = 0;
		};
		C17A7921A69A0AA382024F5A /* [CP] Embed Pods Frameworks */ = {
			isa = PBXShellScriptBuildPhase;
			buildActionMask = 2147483647;
			files = (
			);
			inputFileListPaths = (
				"${PODS_ROOT}/Target Support Files/Pods-Movieland-MovielandUITests/Pods-Movieland-MovielandUITests-frameworks-${CONFIGURATION}-input-files.xcfilelist",
			);
			name = "[CP] Embed Pods Frameworks";
			outputFileListPaths = (
				"${PODS_ROOT}/Target Support Files/Pods-Movieland-MovielandUITests/Pods-Movieland-MovielandUITests-frameworks-${CONFIGURATION}-output-files.xcfilelist",
			);
			runOnlyForDeploymentPostprocessing = 0;
			shellPath = /bin/sh;
			shellScript = "\"${PODS_ROOT}/Target Support Files/Pods-Movieland-MovielandUITests/Pods-Movieland-MovielandUITests-frameworks.sh\"\n";
			showEnvVarsInLog = 0;
		};
/* End PBXShellScriptBuildPhase section */

/* Begin PBXSourcesBuildPhase section */
		BABE0ACD25ED948000E298DF /* Sources */ = {
			isa = PBXSourcesBuildPhase;
			buildActionMask = 2147483647;
			files = (
				BABE0AD525ED948000E298DF /* AppDelegate.swift in Sources */,
				8DEB417725F78A0E002807FB /* MovieViewController.swift in Sources */,
				8DD7E76425F7B3160049FC92 /* MovieTableViewCell.swift in Sources */,
				8DEB417325F785A0002807FB /* MovieEndpoint.swift in Sources */,
				8DEB416225F77C1D002807FB /* NowPlayingResponse.swift in Sources */,
				BABE0AD725ED948000E298DF /* SceneDelegate.swift in Sources */,
				8DEB417B25F78AC6002807FB /* MovieViewModel.swift in Sources */,
			);
			runOnlyForDeploymentPostprocessing = 0;
		};
		BABE0AE325ED948300E298DF /* Sources */ = {
			isa = PBXSourcesBuildPhase;
			buildActionMask = 2147483647;
			files = (
				BABE0AEC25ED948300E298DF /* MovielandTests.swift in Sources */,
			);
			runOnlyForDeploymentPostprocessing = 0;
		};
		BABE0AEE25ED948300E298DF /* Sources */ = {
			isa = PBXSourcesBuildPhase;
			buildActionMask = 2147483647;
			files = (
				BABE0AF725ED948300E298DF /* MovielandUITests.swift in Sources */,
			);
			runOnlyForDeploymentPostprocessing = 0;
		};
/* End PBXSourcesBuildPhase section */

/* Begin PBXTargetDependency section */
		BABE0AE925ED948300E298DF /* PBXTargetDependency */ = {
			isa = PBXTargetDependency;
			target = BABE0AD025ED948000E298DF /* Movieland */;
			targetProxy = BABE0AE825ED948300E298DF /* PBXContainerItemProxy */;
		};
		BABE0AF425ED948300E298DF /* PBXTargetDependency */ = {
			isa = PBXTargetDependency;
			target = BABE0AD025ED948000E298DF /* Movieland */;
			targetProxy = BABE0AF325ED948300E298DF /* PBXContainerItemProxy */;
		};
/* End PBXTargetDependency section */

/* Begin PBXVariantGroup section */
		BABE0ADA25ED948000E298DF /* Main.storyboard */ = {
			isa = PBXVariantGroup;
			children = (
				BABE0ADB25ED948000E298DF /* Base */,
			);
			name = Main.storyboard;
			sourceTree = "<group>";
		};
		BABE0ADF25ED948300E298DF /* LaunchScreen.storyboard */ = {
			isa = PBXVariantGroup;
			children = (
				BABE0AE025ED948300E298DF /* Base */,
			);
			name = LaunchScreen.storyboard;
			sourceTree = "<group>";
		};
/* End PBXVariantGroup section */

/* Begin XCBuildConfiguration section */
		BABE0AF925ED948300E298DF /* Debug */ = {
			isa = XCBuildConfiguration;
			buildSettings = {
				ALWAYS_SEARCH_USER_PATHS = NO;
				CLANG_ANALYZER_NONNULL = YES;
				CLANG_ANALYZER_NUMBER_OBJECT_CONVERSION = YES_AGGRESSIVE;
				CLANG_CXX_LANGUAGE_STANDARD = "gnu++14";
				CLANG_CXX_LIBRARY = "libc++";
				CLANG_ENABLE_MODULES = YES;
				CLANG_ENABLE_OBJC_ARC = YES;
				CLANG_ENABLE_OBJC_WEAK = YES;
				CLANG_WARN_BLOCK_CAPTURE_AUTORELEASING = YES;
				CLANG_WARN_BOOL_CONVERSION = YES;
				CLANG_WARN_COMMA = YES;
				CLANG_WARN_CONSTANT_CONVERSION = YES;
				CLANG_WARN_DEPRECATED_OBJC_IMPLEMENTATIONS = YES;
				CLANG_WARN_DIRECT_OBJC_ISA_USAGE = YES_ERROR;
				CLANG_WARN_DOCUMENTATION_COMMENTS = YES;
				CLANG_WARN_EMPTY_BODY = YES;
				CLANG_WARN_ENUM_CONVERSION = YES;
				CLANG_WARN_INFINITE_RECURSION = YES;
				CLANG_WARN_INT_CONVERSION = YES;
				CLANG_WARN_NON_LITERAL_NULL_CONVERSION = YES;
				CLANG_WARN_OBJC_IMPLICIT_RETAIN_SELF = YES;
				CLANG_WARN_OBJC_LITERAL_CONVERSION = YES;
				CLANG_WARN_OBJC_ROOT_CLASS = YES_ERROR;
				CLANG_WARN_QUOTED_INCLUDE_IN_FRAMEWORK_HEADER = YES;
				CLANG_WARN_RANGE_LOOP_ANALYSIS = YES;
				CLANG_WARN_STRICT_PROTOTYPES = YES;
				CLANG_WARN_SUSPICIOUS_MOVE = YES;
				CLANG_WARN_UNGUARDED_AVAILABILITY = YES_AGGRESSIVE;
				CLANG_WARN_UNREACHABLE_CODE = YES;
				CLANG_WARN__DUPLICATE_METHOD_MATCH = YES;
				COPY_PHASE_STRIP = NO;
				DEBUG_INFORMATION_FORMAT = dwarf;
				ENABLE_STRICT_OBJC_MSGSEND = YES;
				ENABLE_TESTABILITY = YES;
				GCC_C_LANGUAGE_STANDARD = gnu11;
				GCC_DYNAMIC_NO_PIC = NO;
				GCC_NO_COMMON_BLOCKS = YES;
				GCC_OPTIMIZATION_LEVEL = 0;
				GCC_PREPROCESSOR_DEFINITIONS = (
					"DEBUG=1",
					"$(inherited)",
				);
				GCC_WARN_64_TO_32_BIT_CONVERSION = YES;
				GCC_WARN_ABOUT_RETURN_TYPE = YES_ERROR;
				GCC_WARN_UNDECLARED_SELECTOR = YES;
				GCC_WARN_UNINITIALIZED_AUTOS = YES_AGGRESSIVE;
				GCC_WARN_UNUSED_FUNCTION = YES;
				GCC_WARN_UNUSED_VARIABLE = YES;
				IPHONEOS_DEPLOYMENT_TARGET = 14.2;
				MTL_ENABLE_DEBUG_INFO = INCLUDE_SOURCE;
				MTL_FAST_MATH = YES;
				NEW_SETTING = "";
				ONLY_ACTIVE_ARCH = YES;
				SDKROOT = iphoneos;
				SWIFT_ACTIVE_COMPILATION_CONDITIONS = DEBUG;
				SWIFT_OPTIMIZATION_LEVEL = "-Onone";
			};
			name = Debug;
		};
		BABE0AFA25ED948300E298DF /* Release */ = {
			isa = XCBuildConfiguration;
			buildSettings = {
				ALWAYS_SEARCH_USER_PATHS = NO;
				CLANG_ANALYZER_NONNULL = YES;
				CLANG_ANALYZER_NUMBER_OBJECT_CONVERSION = YES_AGGRESSIVE;
				CLANG_CXX_LANGUAGE_STANDARD = "gnu++14";
				CLANG_CXX_LIBRARY = "libc++";
				CLANG_ENABLE_MODULES = YES;
				CLANG_ENABLE_OBJC_ARC = YES;
				CLANG_ENABLE_OBJC_WEAK = YES;
				CLANG_WARN_BLOCK_CAPTURE_AUTORELEASING = YES;
				CLANG_WARN_BOOL_CONVERSION = YES;
				CLANG_WARN_COMMA = YES;
				CLANG_WARN_CONSTANT_CONVERSION = YES;
				CLANG_WARN_DEPRECATED_OBJC_IMPLEMENTATIONS = YES;
				CLANG_WARN_DIRECT_OBJC_ISA_USAGE = YES_ERROR;
				CLANG_WARN_DOCUMENTATION_COMMENTS = YES;
				CLANG_WARN_EMPTY_BODY = YES;
				CLANG_WARN_ENUM_CONVERSION = YES;
				CLANG_WARN_INFINITE_RECURSION = YES;
				CLANG_WARN_INT_CONVERSION = YES;
				CLANG_WARN_NON_LITERAL_NULL_CONVERSION = YES;
				CLANG_WARN_OBJC_IMPLICIT_RETAIN_SELF = YES;
				CLANG_WARN_OBJC_LITERAL_CONVERSION = YES;
				CLANG_WARN_OBJC_ROOT_CLASS = YES_ERROR;
				CLANG_WARN_QUOTED_INCLUDE_IN_FRAMEWORK_HEADER = YES;
				CLANG_WARN_RANGE_LOOP_ANALYSIS = YES;
				CLANG_WARN_STRICT_PROTOTYPES = YES;
				CLANG_WARN_SUSPICIOUS_MOVE = YES;
				CLANG_WARN_UNGUARDED_AVAILABILITY = YES_AGGRESSIVE;
				CLANG_WARN_UNREACHABLE_CODE = YES;
				CLANG_WARN__DUPLICATE_METHOD_MATCH = YES;
				COPY_PHASE_STRIP = NO;
				DEBUG_INFORMATION_FORMAT = "dwarf-with-dsym";
				ENABLE_NS_ASSERTIONS = NO;
				ENABLE_STRICT_OBJC_MSGSEND = YES;
				GCC_C_LANGUAGE_STANDARD = gnu11;
				GCC_NO_COMMON_BLOCKS = YES;
				GCC_WARN_64_TO_32_BIT_CONVERSION = YES;
				GCC_WARN_ABOUT_RETURN_TYPE = YES_ERROR;
				GCC_WARN_UNDECLARED_SELECTOR = YES;
				GCC_WARN_UNINITIALIZED_AUTOS = YES_AGGRESSIVE;
				GCC_WARN_UNUSED_FUNCTION = YES;
				GCC_WARN_UNUSED_VARIABLE = YES;
				IPHONEOS_DEPLOYMENT_TARGET = 14.2;
				MTL_ENABLE_DEBUG_INFO = NO;
				MTL_FAST_MATH = YES;
				NEW_SETTING = "";
				SDKROOT = iphoneos;
				SWIFT_COMPILATION_MODE = wholemodule;
				SWIFT_OPTIMIZATION_LEVEL = "-O";
				VALIDATE_PRODUCT = YES;
			};
			name = Release;
		};
		BABE0AFC25ED948300E298DF /* Debug */ = {
			isa = XCBuildConfiguration;
			baseConfigurationReference = F53EC153984A7E6801D4F29E /* Pods-Movieland.debug.xcconfig */;
			buildSettings = {
				ASSETCATALOG_COMPILER_APPICON_NAME = AppIcon;
				ASSETCATALOG_COMPILER_GLOBAL_ACCENT_COLOR_NAME = AccentColor;
				CODE_SIGN_STYLE = Automatic;
				DEVELOPMENT_TEAM = 34PCB7GY2F;
				INFOPLIST_FILE = Movieland/Info.plist;
				LD_RUNPATH_SEARCH_PATHS = (
					"$(inherited)",
					"@executable_path/Frameworks",
				);
				PRODUCT_BUNDLE_IDENTIFIER = com.example.Movieland;
				PRODUCT_NAME = "$(TARGET_NAME)";
				SWIFT_VERSION = 5.0;
				TARGETED_DEVICE_FAMILY = "1,2";
			};
			name = Debug;
		};
		BABE0AFD25ED948300E298DF /* Release */ = {
			isa = XCBuildConfiguration;
			baseConfigurationReference = E8AE8EFEE49E160AE16DC6BA /* Pods-Movieland.release.xcconfig */;
			buildSettings = {
				ASSETCATALOG_COMPILER_APPICON_NAME = AppIcon;
				ASSETCATALOG_COMPILER_GLOBAL_ACCENT_COLOR_NAME = AccentColor;
				CODE_SIGN_STYLE = Automatic;
				DEVELOPMENT_TEAM = 34PCB7GY2F;
				INFOPLIST_FILE = Movieland/Info.plist;
				LD_RUNPATH_SEARCH_PATHS = (
					"$(inherited)",
					"@executable_path/Frameworks",
				);
				PRODUCT_BUNDLE_IDENTIFIER = com.example.Movieland;
				PRODUCT_NAME = "$(TARGET_NAME)";
				SWIFT_VERSION = 5.0;
				TARGETED_DEVICE_FAMILY = "1,2";
			};
			name = Release;
		};
		BABE0AFF25ED948300E298DF /* Debug */ = {
			isa = XCBuildConfiguration;
			baseConfigurationReference = D34F542082CE5AB08C1A56F1 /* Pods-MovielandTests.debug.xcconfig */;
			buildSettings = {
				ALWAYS_EMBED_SWIFT_STANDARD_LIBRARIES = YES;
				BUNDLE_LOADER = "$(TEST_HOST)";
				CODE_SIGN_STYLE = Automatic;
				DEVELOPMENT_TEAM = 34PCB7GY2F;
				INFOPLIST_FILE = MovielandTests/Info.plist;
				IPHONEOS_DEPLOYMENT_TARGET = 14.2;
				LD_RUNPATH_SEARCH_PATHS = (
					"$(inherited)",
					"@executable_path/Frameworks",
					"@loader_path/Frameworks",
				);
				PRODUCT_BUNDLE_IDENTIFIER = com.example.MovielandTests;
				PRODUCT_NAME = "$(TARGET_NAME)";
				SWIFT_VERSION = 5.0;
				TARGETED_DEVICE_FAMILY = "1,2";
				TEST_HOST = "$(BUILT_PRODUCTS_DIR)/Movieland.app/Movieland";
			};
			name = Debug;
		};
		BABE0B0025ED948300E298DF /* Release */ = {
			isa = XCBuildConfiguration;
			baseConfigurationReference = BBCB06083D5DA321226B435B /* Pods-MovielandTests.release.xcconfig */;
			buildSettings = {
				ALWAYS_EMBED_SWIFT_STANDARD_LIBRARIES = YES;
				BUNDLE_LOADER = "$(TEST_HOST)";
				CODE_SIGN_STYLE = Automatic;
				DEVELOPMENT_TEAM = 34PCB7GY2F;
				INFOPLIST_FILE = MovielandTests/Info.plist;
				IPHONEOS_DEPLOYMENT_TARGET = 14.2;
				LD_RUNPATH_SEARCH_PATHS = (
					"$(inherited)",
					"@executable_path/Frameworks",
					"@loader_path/Frameworks",
				);
				PRODUCT_BUNDLE_IDENTIFIER = com.example.MovielandTests;
				PRODUCT_NAME = "$(TARGET_NAME)";
				SWIFT_VERSION = 5.0;
				TARGETED_DEVICE_FAMILY = "1,2";
				TEST_HOST = "$(BUILT_PRODUCTS_DIR)/Movieland.app/Movieland";
			};
			name = Release;
		};
		BABE0B0225ED948300E298DF /* Debug */ = {
			isa = XCBuildConfiguration;
			baseConfigurationReference = 825EF84C80BD989B0DB2A159 /* Pods-Movieland-MovielandUITests.debug.xcconfig */;
			buildSettings = {
				ALWAYS_EMBED_SWIFT_STANDARD_LIBRARIES = YES;
				CODE_SIGN_STYLE = Automatic;
				DEVELOPMENT_TEAM = 34PCB7GY2F;
				INFOPLIST_FILE = MovielandUITests/Info.plist;
				LD_RUNPATH_SEARCH_PATHS = (
					"$(inherited)",
					"@executable_path/Frameworks",
					"@loader_path/Frameworks",
				);
				PRODUCT_BUNDLE_IDENTIFIER = com.example.MovielandUITests;
				PRODUCT_NAME = "$(TARGET_NAME)";
				SWIFT_VERSION = 5.0;
				TARGETED_DEVICE_FAMILY = "1,2";
				TEST_TARGET_NAME = Movieland;
			};
			name = Debug;
		};
		BABE0B0325ED948300E298DF /* Release */ = {
			isa = XCBuildConfiguration;
			baseConfigurationReference = 34E7D9A6EB74C5F860175E75 /* Pods-Movieland-MovielandUITests.release.xcconfig */;
			buildSettings = {
				ALWAYS_EMBED_SWIFT_STANDARD_LIBRARIES = YES;
				CODE_SIGN_STYLE = Automatic;
				DEVELOPMENT_TEAM = 34PCB7GY2F;
				INFOPLIST_FILE = MovielandUITests/Info.plist;
				LD_RUNPATH_SEARCH_PATHS = (
					"$(inherited)",
					"@executable_path/Frameworks",
					"@loader_path/Frameworks",
				);
				PRODUCT_BUNDLE_IDENTIFIER = com.example.MovielandUITests;
				PRODUCT_NAME = "$(TARGET_NAME)";
				SWIFT_VERSION = 5.0;
				TARGETED_DEVICE_FAMILY = "1,2";
				TEST_TARGET_NAME = Movieland;
			};
			name = Release;
		};
/* End XCBuildConfiguration section */

/* Begin XCConfigurationList section */
		BABE0ACC25ED948000E298DF /* Build configuration list for PBXProject "Movieland" */ = {
			isa = XCConfigurationList;
			buildConfigurations = (
				BABE0AF925ED948300E298DF /* Debug */,
				BABE0AFA25ED948300E298DF /* Release */,
			);
			defaultConfigurationIsVisible = 0;
			defaultConfigurationName = Release;
		};
		BABE0AFB25ED948300E298DF /* Build configuration list for PBXNativeTarget "Movieland" */ = {
			isa = XCConfigurationList;
			buildConfigurations = (
				BABE0AFC25ED948300E298DF /* Debug */,
				BABE0AFD25ED948300E298DF /* Release */,
			);
			defaultConfigurationIsVisible = 0;
			defaultConfigurationName = Release;
		};
		BABE0AFE25ED948300E298DF /* Build configuration list for PBXNativeTarget "MovielandTests" */ = {
			isa = XCConfigurationList;
			buildConfigurations = (
				BABE0AFF25ED948300E298DF /* Debug */,
				BABE0B0025ED948300E298DF /* Release */,
			);
			defaultConfigurationIsVisible = 0;
			defaultConfigurationName = Release;
		};
		BABE0B0125ED948300E298DF /* Build configuration list for PBXNativeTarget "MovielandUITests" */ = {
			isa = XCConfigurationList;
			buildConfigurations = (
				BABE0B0225ED948300E298DF /* Debug */,
				BABE0B0325ED948300E298DF /* Release */,
			);
			defaultConfigurationIsVisible = 0;
			defaultConfigurationName = Release;
		};
/* End XCConfigurationList section */
	};
	rootObject = BABE0AC925ED948000E298DF /* Project object */;
}
